/hpc/projects/data.science/yangjoon.kim/zebrahub_multiome/data/processed_data/TDR118/outs
/hpc/reference/sequencing_alignment/alignment_references/zebrafish_genome_GRCz11/genes/genes.gtf.gz
/hpc/projects/data.science/yangjoon.kim/zebrahub_multiome/data/annotated_data/ZF_atlas_v01/ZF_atlas_v01_15somite.h5Seurat
