/hpc/projects/data.science/yangjoon.kim/zebrahub_multiome/data/processed_data/TDR118_merged_peaks/TDR118_processed.RDS
/hpc/projects/data.science/yangjoon.kim/zebrahub_multiome/data/processed_data/TDR118_merged_peaks/TDR118_RNA.h5ad
/hpc/projects/data.science/yangjoon.kim/zebrahub_multiome/data/processed_data/TDR118_merged_peaks/TDR118_ATAC.h5ad
