/hpc/projects/data.science/yangjoon.kim/zebrahub_multiome/data/processed_data/post_Signac_CellOracle/TDR126/TDR126_processed.RDS
/hpc/projects/data.science/yangjoon.kim/zebrahub_multiome/data/processed_data/post_Signac_CellOracle/TDR126/TDR126_RNA.h5ad
/hpc/projects/data.science/yangjoon.kim/zebrahub_multiome/data/processed_data/post_Signac_CellOracle/TDR126/TDR126_ATAC.h5ad
