/hpc/projects/data.science/yangjoon.kim/zebrahub_multiome/data/post_Signac_CellOracle/TDR118reseq/TDR118_processed.RDS
/hpc/projects/data.science/yangjoon.kim/zebrahub_multiome/data/post_Signac_CellOracle/TDR118reseq/TDR118_RNA.h5ad
/hpc/projects/data.science/yangjoon.kim/zebrahub_multiome/data/post_Signac_CellOracle/TDR118reseq/TDR118_ATAC.h5ad
