/hpc/projects/data.science/yangjoon.kim/zebrahub_multiome/data/processed_data/post_Signac_CellOracle/TDR127/TDR127_processed.RDS
/hpc/projects/data.science/yangjoon.kim/zebrahub_multiome/data/processed_data/post_Signac_CellOracle/TDR127/TDR127_RNA.h5ad
/hpc/projects/data.science/yangjoon.kim/zebrahub_multiome/data/processed_data/post_Signac_CellOracle/TDR127/TDR127_ATAC.h5ad
