/hpc/projects/data.science/yangjoon.kim/zebrahub_multiome/data/processed_data/post_Signac_CellOracle/TDR128/TDR128_processed.RDS
/hpc/projects/data.science/yangjoon.kim/zebrahub_multiome/data/processed_data/post_Signac_CellOracle/TDR128/TDR128_RNA.h5ad
/hpc/projects/data.science/yangjoon.kim/zebrahub_multiome/data/processed_data/post_Signac_CellOracle/TDR128/TDR128_ATAC.h5ad
